{
  "name": "miniprogram",
  "version": "1.1.0",
  "lockfileVersion": 1,
  "requires": true,
  "dependencies": {
    "aes-js": {
      "version": "3.1.2",
      "resolved": "https://registry.npm.taobao.org/aes-js/download/aes-js-3.1.2.tgz",
      "integrity": "sha1-25qr3oXVyqu/wNTypERpYPYnFGo="
    },
    "browserify-unibabel": {
      "version": "3.0.0",
      "resolved": "https://registry.npm.taobao.org/browserify-unibabel/download/browserify-unibabel-3.0.0.tgz",
      "integrity": "sha1-WmuPD3BM44jTkn30czfiWDD3Hdo="
    },
    "buffertrim": {
      "version": "1.0.0",
      "resolved": "https://registry.npm.taobao.org/buffertrim/download/buffertrim-1.0.0.tgz",
      "integrity": "sha1-21ChAYlYwf8VBjBH+MnuB1lRnB8="
    },
    "crc-full": {
      "version": "1.1.0",
      "resolved": "https://registry.npm.taobao.org/crc-full/download/crc-full-1.1.0.tgz",
      "integrity": "sha1-N/GY+BHfJ0RGDzlwm0vyE6SacLs="
    },
    "hex-array": {
      "version": "1.0.0",
      "resolved": "https://registry.npm.taobao.org/hex-array/download/hex-array-1.0.0.tgz",
      "integrity": "sha1-5cJO6gOD8tnoSR8ugVvaDOAiM64="
    },
    "pipe-functions": {
      "version": "1.3.0",
      "resolved": "https://registry.npm.taobao.org/pipe-functions/download/pipe-functions-1.3.0.tgz",
      "integrity": "sha1-0oRts0/ylIHckxiiohDLBqu/blI="
    }
  }
}
